// !$*UTF8*$!
{
	archiveVersion = 1;
	classes = {
	};
	objectVersion = 46;
	objects = {

/* Begin PBXBuildFile section */
		362F82091CC085C8005117D9 /* AppDelegate.swift in Sources */ = {isa = PBXBuildFile; fileRef = 362F82081CC085C8005117D9 /* AppDelegate.swift */; };
		362F820B1CC085C8005117D9 /* MasterTableViewController.swift in Sources */ = {isa = PBXBuildFile; fileRef = 362F820A1CC085C8005117D9 /* MasterTableViewController.swift */; };
		362F820E1CC085C8005117D9 /* Main.storyboard in Resources */ = {isa = PBXBuildFile; fileRef = 362F820C1CC085C8005117D9 /* Main.storyboard */; };
		362F82101CC085C8005117D9 /* Assets.xcassets in Resources */ = {isa = PBXBuildFile; fileRef = 362F820F1CC085C8005117D9 /* Assets.xcassets */; };
		362F82131CC085C8005117D9 /* LaunchScreen.storyboard in Resources */ = {isa = PBXBuildFile; fileRef = 362F82111CC085C8005117D9 /* LaunchScreen.storyboard */; };
		362F821E1CC085C8005117D9 /* taskList2Tests.swift in Sources */ = {isa = PBXBuildFile; fileRef = 362F821D1CC085C8005117D9 /* taskList2Tests.swift */; };
		362F82291CC085C8005117D9 /* taskList2UITests.swift in Sources */ = {isa = PBXBuildFile; fileRef = 362F82281CC085C8005117D9 /* taskList2UITests.swift */; };
		362F82371CC09573005117D9 /* DetailViewController.swift in Sources */ = {isa = PBXBuildFile; fileRef = 362F82361CC09573005117D9 /* DetailViewController.swift */; };
		362F82391CC0958D005117D9 /* AddViewController.swift in Sources */ = {isa = PBXBuildFile; fileRef = 362F82381CC0958D005117D9 /* AddViewController.swift */; };
/* End PBXBuildFile section */

/* Begin PBXContainerItemProxy section */
		362F821A1CC085C8005117D9 /* PBXContainerItemProxy */ = {
			isa = PBXContainerItemProxy;
			containerPortal = 362F81FD1CC085C8005117D9 /* Project object */;
			proxyType = 1;
			remoteGlobalIDString = 362F82041CC085C8005117D9;
			remoteInfo = taskList2;
		};
		362F82251CC085C8005117D9 /* PBXContainerItemProxy */ = {
			isa = PBXContainerItemProxy;
			containerPortal = 362F81FD1CC085C8005117D9 /* Project object */;
			proxyType = 1;
			remoteGlobalIDString = 362F82041CC085C8005117D9;
			remoteInfo = taskList2;
		};
/* End PBXContainerItemProxy section */

/* Begin PBXFileReference section */
		362F82051CC085C8005117D9 /* taskList2.app */ = {isa = PBXFileReference; explicitFileType = wrapper.application; includeInIndex = 0; path = taskList2.app; sourceTree = BUILT_PRODUCTS_DIR; };
		362F82081CC085C8005117D9 /* AppDelegate.swift */ = {isa = PBXFileReference; lastKnownFileType = sourcecode.swift; path = AppDelegate.swift; sourceTree = "<group>"; };
		362F820A1CC085C8005117D9 /* MasterTableViewController.swift */ = {isa = PBXFileReference; lastKnownFileType = sourcecode.swift; path = MasterTableViewController.swift; sourceTree = "<group>"; };
		362F820D1CC085C8005117D9 /* Base */ = {isa = PBXFileReference; lastKnownFileType = file.storyboard; name = Base; path = Base.lproj/Main.storyboard; sourceTree = "<group>"; };
		362F820F1CC085C8005117D9 /* Assets.xcassets */ = {isa = PBXFileReference; lastKnownFileType = folder.assetcatalog; path = Assets.xcassets; sourceTree = "<group>"; };
		362F82121CC085C8005117D9 /* Base */ = {isa = PBXFileReference; lastKnownFileType = file.storyboard; name = Base; path = Base.lproj/LaunchScreen.storyboard; sourceTree = "<group>"; };
		362F82141CC085C8005117D9 /* Info.plist */ = {isa = PBXFileReference; lastKnownFileType = text.plist.xml; path = Info.plist; sourceTree = "<group>"; };
		362F82191CC085C8005117D9 /* taskList2Tests.xctest */ = {isa = PBXFileReference; explicitFileType = wrapper.cfbundle; includeInIndex = 0; path = taskList2Tests.xctest; sourceTree = BUILT_PRODUCTS_DIR; };
		362F821D1CC085C8005117D9 /* taskList2Tests.swift */ = {isa = PBXFileReference; lastKnownFileType = sourcecode.swift; path = taskList2Tests.swift; sourceTree = "<group>"; };
		362F821F1CC085C8005117D9 /* Info.plist */ = {isa = PBXFileReference; lastKnownFileType = text.plist.xml; path = Info.plist; sourceTree = "<group>"; };
		362F82241CC085C8005117D9 /* taskList2UITests.xctest */ = {isa = PBXFileReference; explicitFileType = wrapper.cfbundle; includeInIndex = 0; path = taskList2UITests.xctest; sourceTree = BUILT_PRODUCTS_DIR; };
		362F82281CC085C8005117D9 /* taskList2UITests.swift */ = {isa = PBXFileReference; lastKnownFileType = sourcecode.swift; path = taskList2UITests.swift; sourceTree = "<group>"; };
		362F822A1CC085C8005117D9 /* Info.plist */ = {isa = PBXFileReference; lastKnownFileType = text.plist.xml; path = Info.plist; sourceTree = "<group>"; };
		362F82361CC09573005117D9 /* DetailViewController.swift */ = {isa = PBXFileReference; fileEncoding = 4; lastKnownFileType = sourcecode.swift; path = DetailViewController.swift; sourceTree = "<group>"; };
		362F82381CC0958D005117D9 /* AddViewController.swift */ = {isa = PBXFileReference; fileEncoding = 4; lastKnownFileType = sourcecode.swift; path = AddViewController.swift; sourceTree = "<group>"; };
/* End PBXFileReference section */

/* Begin PBXFrameworksBuildPhase section */
		362F82021CC085C8005117D9 /* Frameworks */ = {
			isa = PBXFrameworksBuildPhase;
			buildActionMask = 2147483647;
			files = (
			);
			runOnlyForDeploymentPostprocessing = 0;
		};
		362F82161CC085C8005117D9 /* Frameworks */ = {
			isa = PBXFrameworksBuildPhase;
			buildActionMask = 2147483647;
			files = (
			);
			runOnlyForDeploymentPostprocessing = 0;
		};
		362F82211CC085C8005117D9 /* Frameworks */ = {
			isa = PBXFrameworksBuildPhase;
			buildActionMask = 2147483647;
			files = (
			);
			runOnlyForDeploymentPostprocessing = 0;
		};
/* End PBXFrameworksBuildPhase section */

/* Begin PBXGroup section */
		362F81FC1CC085C8005117D9 = {
			isa = PBXGroup;
			children = (
				362F82071CC085C8005117D9 /* taskList2 */,
				362F821C1CC085C8005117D9 /* taskList2Tests */,
				362F82271CC085C8005117D9 /* taskList2UITests */,
				362F82061CC085C8005117D9 /* Products */,
			);
			sourceTree = "<group>";
		};
		362F82061CC085C8005117D9 /* Products */ = {
			isa = PBXGroup;
			children = (
				362F82051CC085C8005117D9 /* taskList2.app */,
				362F82191CC085C8005117D9 /* taskList2Tests.xctest */,
				362F82241CC085C8005117D9 /* taskList2UITests.xctest */,
			);
			name = Products;
			sourceTree = "<group>";
		};
		362F82071CC085C8005117D9 /* taskList2 */ = {
			isa = PBXGroup;
			children = (
				362F82081CC085C8005117D9 /* AppDelegate.swift */,
				362F820A1CC085C8005117D9 /* MasterTableViewController.swift */,
				362F820C1CC085C8005117D9 /* Main.storyboard */,
				362F820F1CC085C8005117D9 /* Assets.xcassets */,
				362F82111CC085C8005117D9 /* LaunchScreen.storyboard */,
				362F82141CC085C8005117D9 /* Info.plist */,
				362F82361CC09573005117D9 /* DetailViewController.swift */,
				362F82381CC0958D005117D9 /* AddViewController.swift */,
			);
			path = taskList2;
			sourceTree = "<group>";
		};
		362F821C1CC085C8005117D9 /* taskList2Tests */ = {
			isa = PBXGroup;
			children = (
				362F821D1CC085C8005117D9 /* taskList2Tests.swift */,
				362F821F1CC085C8005117D9 /* Info.plist */,
			);
			path = taskList2Tests;
			sourceTree = "<group>";
		};
		362F82271CC085C8005117D9 /* taskList2UITests */ = {
			isa = PBXGroup;
			children = (
				362F82281CC085C8005117D9 /* taskList2UITests.swift */,
				362F822A1CC085C8005117D9 /* Info.plist */,
			);
			path = taskList2UITests;
			sourceTree = "<group>";
		};
/* End PBXGroup section */

/* Begin PBXNativeTarget section */
		362F82041CC085C8005117D9 /* taskList2 */ = {
			isa = PBXNativeTarget;
			buildConfigurationList = 362F822D1CC085C8005117D9 /* Build configuration list for PBXNativeTarget "taskList2" */;
			buildPhases = (
				362F82011CC085C8005117D9 /* Sources */,
				362F82021CC085C8005117D9 /* Frameworks */,
				362F82031CC085C8005117D9 /* Resources */,
			);
			buildRules = (
			);
			dependencies = (
			);
			name = taskList2;
			productName = taskList2;
			productReference = 362F82051CC085C8005117D9 /* taskList2.app */;
			productType = "com.apple.product-type.application";
		};
		362F82181CC085C8005117D9 /* taskList2Tests */ = {
			isa = PBXNativeTarget;
			buildConfigurationList = 362F82301CC085C8005117D9 /* Build configuration list for PBXNativeTarget "taskList2Tests" */;
			buildPhases = (
				362F82151CC085C8005117D9 /* Sources */,
				362F82161CC085C8005117D9 /* Frameworks */,
				362F82171CC085C8005117D9 /* Resources */,
			);
			buildRules = (
			);
			dependencies = (
				362F821B1CC085C8005117D9 /* PBXTargetDependency */,
			);
			name = taskList2Tests;
			productName = taskList2Tests;
			productReference = 362F82191CC085C8005117D9 /* taskList2Tests.xctest */;
			productType = "com.apple.product-type.bundle.unit-test";
		};
		362F82231CC085C8005117D9 /* taskList2UITests */ = {
			isa = PBXNativeTarget;
			buildConfigurationList = 362F82331CC085C8005117D9 /* Build configuration list for PBXNativeTarget "taskList2UITests" */;
			buildPhases = (
				362F82201CC085C8005117D9 /* Sources */,
				362F82211CC085C8005117D9 /* Frameworks */,
				362F82221CC085C8005117D9 /* Resources */,
			);
			buildRules = (
			);
			dependencies = (
				362F82261CC085C8005117D9 /* PBXTargetDependency */,
			);
			name = taskList2UITests;
			productName = taskList2UITests;
			productReference = 362F82241CC085C8005117D9 /* taskList2UITests.xctest */;
			productType = "com.apple.product-type.bundle.ui-testing";
		};
/* End PBXNativeTarget section */

/* Begin PBXProject section */
		362F81FD1CC085C8005117D9 /* Project object */ = {
			isa = PBXProject;
			attributes = {
				LastSwiftUpdateCheck = 0720;
				LastUpgradeCheck = 0720;
				ORGANIZATIONNAME = yangyixin;
				TargetAttributes = {
					362F82041CC085C8005117D9 = {
						CreatedOnToolsVersion = 7.2;
					};
					362F82181CC085C8005117D9 = {
						CreatedOnToolsVersion = 7.2;
						TestTargetID = 362F82041CC085C8005117D9;
					};
					362F82231CC085C8005117D9 = {
						CreatedOnToolsVersion = 7.2;
						TestTargetID = 362F82041CC085C8005117D9;
					};
				};
			};
			buildConfigurationList = 362F82001CC085C8005117D9 /* Build configuration list for PBXProject "taskList2" */;
			compatibilityVersion = "Xcode 3.2";
			developmentRegion = English;
			hasScannedForEncodings = 0;
			knownRegions = (
				en,
				Base,
			);
			mainGroup = 362F81FC1CC085C8005117D9;
			productRefGroup = 362F82061CC085C8005117D9 /* Products */;
			projectDirPath = "";
			projectRoot = "";
			targets = (
				362F82041CC085C8005117D9 /* taskList2 */,
				362F82181CC085C8005117D9 /* taskList2Tests */,
				362F82231CC085C8005117D9 /* taskList2UITests */,
			);
		};
/* End PBXProject section */

/* Begin PBXResourcesBuildPhase section */
		362F82031CC085C8005117D9 /* Resources */ = {
			isa = PBXResourcesBuildPhase;
			buildActionMask = 2147483647;
			files = (
				362F82131CC085C8005117D9 /* LaunchScreen.storyboard in Resources */,
				362F82101CC085C8005117D9 /* Assets.xcassets in Resources */,
				362F820E1CC085C8005117D9 /* Main.storyboard in Resources */,
			);
			runOnlyForDeploymentPostprocessing = 0;
		};
		362F82171CC085C8005117D9 /* Resources */ = {
			isa = PBXResourcesBuildPhase;
			buildActionMask = 2147483647;
			files = (
			);
			runOnlyForDeploymentPostprocessing = 0;
		};
		362F82221CC085C8005117D9 /* Resources */ = {
			isa = PBXResourcesBuildPhase;
			buildActionMask = 2147483647;
			files = (
			);
			runOnlyForDeploymentPostprocessing = 0;
		};
/* End PBXResourcesBuildPhase section */

/* Begin PBXSourcesBuildPhase section */
		362F82011CC085C8005117D9 /* Sources */ = {
			isa = PBXSourcesBuildPhase;
			buildActionMask = 2147483647;
			files = (
				362F82371CC09573005117D9 /* DetailViewController.swift in Sources */,
				362F820B1CC085C8005117D9 /* MasterTableViewController.swift in Sources */,
				362F82391CC0958D005117D9 /* AddViewController.swift in Sources */,
				362F82091CC085C8005117D9 /* AppDelegate.swift in Sources */,
			);
			runOnlyForDeploymentPostprocessing = 0;
		};
		362F82151CC085C8005117D9 /* Sources */ = {
			isa = PBXSourcesBuildPhase;
			buildActionMask = 2147483647;
			files = (
				362F821E1CC085C8005117D9 /* taskList2Tests.swift in Sources */,
			);
			runOnlyForDeploymentPostprocessing = 0;
		};
		362F82201CC085C8005117D9 /* Sources */ = {
			isa = PBXSourcesBuildPhase;
			buildActionMask = 2147483647;
			files = (
				362F82291CC085C8005117D9 /* taskList2UITests.swift in Sources */,
			);
			runOnlyForDeploymentPostprocessing = 0;
		};
/* End PBXSourcesBuildPhase section */

/* Begin PBXTargetDependency section */
		362F821B1CC085C8005117D9 /* PBXTargetDependency */ = {
			isa = PBXTargetDependency;
			target = 362F82041CC085C8005117D9 /* taskList2 */;
			targetProxy = 362F821A1CC085C8005117D9 /* PBXContainerItemProxy */;
		};
		362F82261CC085C8005117D9 /* PBXTargetDependency */ = {
			isa = PBXTargetDependency;
			target = 362F82041CC085C8005117D9 /* taskList2 */;
			targetProxy = 362F82251CC085C8005117D9 /* PBXContainerItemProxy */;
		};
/* End PBXTargetDependency section */

/* Begin PBXVariantGroup section */
		362F820C1CC085C8005117D9 /* Main.storyboard */ = {
			isa = PBXVariantGroup;
			children = (
				362F820D1CC085C8005117D9 /* Base */,
			);
			name = Main.storyboard;
			sourceTree = "<group>";
		};
		362F82111CC085C8005117D9 /* LaunchScreen.storyboard */ = {
			isa = PBXVariantGroup;
			children = (
				362F82121CC085C8005117D9 /* Base */,
			);
			name = LaunchScreen.storyboard;
			sourceTree = "<group>";
		};
/* End PBXVariantGroup section */

/* Begin XCBuildConfiguration section */
		362F822B1CC085C8005117D9 /* Debug */ = {
			isa = XCBuildConfiguration;
			buildSettings = {
				ALWAYS_SEARCH_USER_PATHS = NO;
				CLANG_CXX_LANGUAGE_STANDARD = "gnu++0x";
				CLANG_CXX_LIBRARY = "libc++";
				CLANG_ENABLE_MODULES = YES;
				CLANG_ENABLE_OBJC_ARC = YES;
				CLANG_WARN_BOOL_CONVERSION = YES;
				CLANG_WARN_CONSTANT_CONVERSION = YES;
				CLANG_WARN_DIRECT_OBJC_ISA_USAGE = YES_ERROR;
				CLANG_WARN_EMPTY_BODY = YES;
				CLANG_WARN_ENUM_CONVERSION = YES;
				CLANG_WARN_INT_CONVERSION = YES;
				CLANG_WARN_OBJC_ROOT_CLASS = YES_ERROR;
				CLANG_WARN_UNREACHABLE_CODE = YES;
				CLANG_WARN__DUPLICATE_METHOD_MATCH = YES;
				"CODE_SIGN_IDENTITY[sdk=iphoneos*]" = "iPhone Developer";
				COPY_PHASE_STRIP = NO;
				DEBUG_INFORMATION_FORMAT = dwarf;
				ENABLE_STRICT_OBJC_MSGSEND = YES;
				ENABLE_TESTABILITY = YES;
				GCC_C_LANGUAGE_STANDARD = gnu99;
				GCC_DYNAMIC_NO_PIC = NO;
				GCC_NO_COMMON_BLOCKS = YES;
				GCC_OPTIMIZATION_LEVEL = 0;
				GCC_PREPROCESSOR_DEFINITIONS = (
					"DEBUG=1",
					"$(inherited)",
				);
				GCC_WARN_64_TO_32_BIT_CONVERSION = YES;
				GCC_WARN_ABOUT_RETURN_TYPE = YES_ERROR;
				GCC_WARN_UNDECLARED_SELECTOR = YES;
				GCC_WARN_UNINITIALIZED_AUTOS = YES_AGGRESSIVE;
				GCC_WARN_UNUSED_FUNCTION = YES;
				GCC_WARN_UNUSED_VARIABLE = YES;
				IPHONEOS_DEPLOYMENT_TARGET = 9.2;
				MTL_ENABLE_DEBUG_INFO = YES;
				ONLY_ACTIVE_ARCH = YES;
				SDKROOT = iphoneos;
				SWIFT_OPTIMIZATION_LEVEL = "-Onone";
			};
			name = Debug;
		};
		362F822C1CC085C8005117D9 /* Release */ = {
			isa = XCBuildConfiguration;
			buildSettings = {
				ALWAYS_SEARCH_USER_PATHS = NO;
				CLANG_CXX_LANGUAGE_STANDARD = "gnu++0x";
				CLANG_CXX_LIBRARY = "libc++";
				CLANG_ENABLE_MODULES = YES;
				CLANG_ENABLE_OBJC_ARC = YES;
				CLANG_WARN_BOOL_CONVERSION = YES;
				CLANG_WARN_CONSTANT_CONVERSION = YES;
				CLANG_WARN_DIRECT_OBJC_ISA_USAGE = YES_ERROR;
				CLANG_WARN_EMPTY_BODY = YES;
				CLANG_WARN_ENUM_CONVERSION = YES;
				CLANG_WARN_INT_CONVERSION = YES;
				CLANG_WARN_OBJC_ROOT_CLASS = YES_ERROR;
				CLANG_WARN_UNREACHABLE_CODE = YES;
				CLANG_WARN__DUPLICATE_METHOD_MATCH = YES;
				"CODE_SIGN_IDENTITY[sdk=iphoneos*]" = "iPhone Developer";
				COPY_PHASE_STRIP = NO;
				DEBUG_INFORMATION_FORMAT = "dwarf-with-dsym";
				ENABLE_NS_ASSERTIONS = NO;
				ENABLE_STRICT_OBJC_MSGSEND = YES;
				GCC_C_LANGUAGE_STANDARD = gnu99;
				GCC_NO_COMMON_BLOCKS = YES;
				GCC_WARN_64_TO_32_BIT_CONVERSION = YES;
				GCC_WARN_ABOUT_RETURN_TYPE = YES_ERROR;
				GCC_WARN_UNDECLARED_SELECTOR = YES;
				GCC_WARN_UNINITIALIZED_AUTOS = YES_AGGRESSIVE;
				GCC_WARN_UNUSED_FUNCTION = YES;
				GCC_WARN_UNUSED_VARIABLE = YES;
				IPHONEOS_DEPLOYMENT_TARGET = 9.2;
				MTL_ENABLE_DEBUG_INFO = NO;
				SDKROOT = iphoneos;
				VALIDATE_PRODUCT = YES;
			};
			name = Release;
		};
		362F822E1CC085C8005117D9 /* Debug */ = {
			isa = XCBuildConfiguration;
			buildSettings = {
				ASSETCATALOG_COMPILER_APPICON_NAME = AppIcon;
				INFOPLIST_FILE = taskList2/Info.plist;
				IPHONEOS_DEPLOYMENT_TARGET = 7.0;
				LD_RUNPATH_SEARCH_PATHS = "$(inherited) @executable_path/Frameworks";
				PRODUCT_BUNDLE_IDENTIFIER = com.monster.taskList2;
				PRODUCT_NAME = "$(TARGET_NAME)";
			};
			name = Debug;
		};
		362F822F1CC085C8005117D9 /* Release */ = {
			isa = XCBuildConfiguration;
			buildSettings = {
				ASSETCATALOG_COMPILER_APPICON_NAME = AppIcon;
				INFOPLIST_FILE = taskList2/Info.plist;
				IPHONEOS_DEPLOYMENT_TARGET = 7.0;
				LD_RUNPATH_SEARCH_PATHS = "$(inherited) @executable_path/Frameworks";
				PRODUCT_BUNDLE_IDENTIFIER = com.monster.taskList2;
				PRODUCT_NAME = "$(TARGET_NAME)";
			};
			name = Release;
		};
		362F82311CC085C8005117D9 /* Debug */ = {
			isa = XCBuildConfiguration;
			buildSettings = {
				BUNDLE_LOADER = "$(TEST_HOST)";
				INFOPLIST_FILE = taskList2Tests/Info.plist;
				LD_RUNPATH_SEARCH_PATHS = "$(inherited) @executable_path/Frameworks @loader_path/Frameworks";
				PRODUCT_BUNDLE_IDENTIFIER = com.monster.taskList2Tests;
				PRODUCT_NAME = "$(TARGET_NAME)";
				TEST_HOST = "$(BUILT_PRODUCTS_DIR)/taskList2.app/taskList2";
			};
			name = Debug;
		};
		362F82321CC085C8005117D9 /* Release */ = {
			isa = XCBuildConfiguration;
			buildSettings = {
				BUNDLE_LOADER = "$(TEST_HOST)";
				INFOPLIST_FILE = taskList2Tests/Info.plist;
				LD_RUNPATH_SEARCH_PATHS = "$(inherited) @executable_path/Frameworks @loader_path/Frameworks";
				PRODUCT_BUNDLE_IDENTIFIER = com.monster.taskList2Tests;
				PRODUCT_NAME = "$(TARGET_NAME)";
				TEST_HOST = "$(BUILT_PRODUCTS_DIR)/taskList2.app/taskList2";
			};
			name = Release;
		};
		362F82341CC085C8005117D9 /* Debug */ = {
			isa = XCBuildConfiguration;
			buildSettings = {
				INFOPLIST_FILE = taskList2UITests/Info.plist;
				LD_RUNPATH_SEARCH_PATHS = "$(inherited) @executable_path/Frameworks @loader_path/Frameworks";
				PRODUCT_BUNDLE_IDENTIFIER = com.monster.taskList2UITests;
				PRODUCT_NAME = "$(TARGET_NAME)";
				TEST_TARGET_NAME = taskList2;
				USES_XCTRUNNER = YES;
			};
			name = Debug;
		};
		362F82351CC085C8005117D9 /* Release */ = {
			isa = XCBuildConfiguration;
			buildSettings = {
				INFOPLIST_FILE = taskList2UITests/Info.plist;
				LD_RUNPATH_SEARCH_PATHS = "$(inherited) @executable_path/Frameworks @loader_path/Frameworks";
				PRODUCT_BUNDLE_IDENTIFIER = com.monster.taskList2UITests;
				PRODUCT_NAME = "$(TARGET_NAME)";
				TEST_TARGET_NAME = taskList2;
				USES_XCTRUNNER = YES;
			};
			name = Release;
		};
/* End XCBuildConfiguration section */

/* Begin XCConfigurationList section */
		362F82001CC085C8005117D9 /* Build configuration list for PBXProject "taskList2" */ = {
			isa = XCConfigurationList;
			buildConfigurations = (
				362F822B1CC085C8005117D9 /* Debug */,
				362F822C1CC085C8005117D9 /* Release */,
			);
			defaultConfigurationIsVisible = 0;
			defaultConfigurationName = Release;
		};
		362F822D1CC085C8005117D9 /* Build configuration list for PBXNativeTarget "taskList2" */ = {
			isa = XCConfigurationList;
			buildConfigurations = (
				362F822E1CC085C8005117D9 /* Debug */,
				362F822F1CC085C8005117D9 /* Release */,
			);
			defaultConfigurationIsVisible = 0;
		};
		362F82301CC085C8005117D9 /* Build configuration list for PBXNativeTarget "taskList2Tests" */ = {
			isa = XCConfigurationList;
			buildConfigurations = (
				362F82311CC085C8005117D9 /* Debug */,
				362F82321CC085C8005117D9 /* Release */,
			);
			defaultConfigurationIsVisible = 0;
		};
		362F82331CC085C8005117D9 /* Build configuration list for PBXNativeTarget "taskList2UITests" */ = {
			isa = XCConfigurationList;
			buildConfigurations = (
				362F82341CC085C8005117D9 /* Debug */,
				362F82351CC085C8005117D9 /* Release */,
			);
			defaultConfigurationIsVisible = 0;
		};
/* End XCConfigurationList section */
	};
	rootObject = 362F81FD1CC085C8005117D9 /* Project object */;
}
